hash: 7ff05cd70bc0e5f0bd6d5c4fee1e87ddcd309507e04e26ef8caccb91617d38cd
updated: 2017-01-12T22:47:03.311010354-08:00
imports:
- name: github.com/erans/gonionoo
  version: 870942f67e087fb308cd84f3f4b6e88960863ce3
- name: github.com/jarcoal/httpmock
  version: 145b10d659265440f062c31ea15326166bae56ee
- name: github.com/mmcloughlin/openssl
  version: 8d04780f3005e7729b1a117d89506b4376dc7497
- name: github.com/spacemonkeygo/openssl
  version: d63025916bcf9eb1c059d00465fe9de7ca84fff5
  subpackages:
  - utils
- name: github.com/spacemonkeygo/spacelog
  version: 16604ed16156d8634877b208e8acc9279f399777
- name: github.com/stretchr/testify
  version: 69483b4bd14f5845b5a1e55bca19e954e827f1d0
  subpackages:
  - assert
  - require
- name: golang.org/x/crypto
  version: 8a549a1948fc5271eb24f36dcb0d3b47dec75a16
  subpackages:
  - curve25519
testImports:
- name: github.com/davecgh/go-spew
  version: 6d212800a42e8ab5c146b8ace3490ee17e5225f9
  subpackages:
  - spew
- name: github.com/pmezard/go-difflib
  version: d8ed2627bdf02c080bf22230dbb337003b7aba2d
  subpackages:
  - difflib
